
Microsoft Visual Studio Solution File, Format Version 12.00
# Visual Studio Version 16
VisualStudioVersion = 16.0.30611.23
MinimumVisualStudioVersion = 10.0.40219.1
Project("{2150E333-8FDC-42A3-9474-1A3956D46DE8}") = "Domain", "Domain", "{A068335D-FC51-4110-B195-D23E94025429}"
EndProject
Project("{2150E333-8FDC-42A3-9474-1A3956D46DE8}") = "Infra.Bus", "Infra.Bus", "{FC7CB473-6A76-4641-9F58-8E08A0D341FE}"
EndProject
Project("{2150E333-8FDC-42A3-9474-1A3956D46DE8}") = "Infra.IoC", "Infra.IoC", "{A6C77153-9376-4D2D-9DC8-6D148C2FECC1}"
EndProject
Project("{2150E333-8FDC-42A3-9474-1A3956D46DE8}") = "Microservices", "Microservices", "{97E2892E-9C55-4D6B-BBC6-C94A800E5B76}"
EndProject
Project("{2150E333-8FDC-42A3-9474-1A3956D46DE8}") = "Presentation", "Presentation", "{60AD9B3B-3BC9-4044-8A47-550F368C6FB2}"
EndProject
Project("{9A19103F-16F7-4668-BE54-9A1E7A4F7556}") = "MicroRabbit.Domain.Core", "MicroRabbit.Domain.Core\MicroRabbit.Domain.Core.csproj", "{D15B58E9-986E-4269-9FE7-86788276A197}"
EndProject
Project("{9A19103F-16F7-4668-BE54-9A1E7A4F7556}") = "MicroRabbit.Infra.Bus", "MicroRabbit.Infra.Bus\MicroRabbit.Infra.Bus.csproj", "{F0B6ABC7-A4BE-4FEA-9DDD-0C84D872D35B}"
EndProject
Project("{FAE04EC0-301F-11D3-BF4B-00C04F79EFBC}") = "MicroRabbit.Infra.IoC", "MicroRabbit.Infra.IoC\MicroRabbit.Infra.IoC.csproj", "{2C6497EB-FE25-4D33-B73D-40327E14BF1A}"
EndProject
Project("{2150E333-8FDC-42A3-9474-1A3956D46DE8}") = "Banking", "Banking", "{37AE9F0C-30D3-494E-A8CA-860A632667A4}"
EndProject
Project("{2150E333-8FDC-42A3-9474-1A3956D46DE8}") = "Api", "Api", "{725B7EF5-67B3-41E8-8CF1-D93D5CB61153}"
EndProject
Project("{2150E333-8FDC-42A3-9474-1A3956D46DE8}") = "Domain", "Domain", "{319098AF-F00E-4666-9C46-CD8019DB470E}"
EndProject
Project("{2150E333-8FDC-42A3-9474-1A3956D46DE8}") = "Application", "Application", "{A7637471-AB66-4F54-B17A-EA2924A99A30}"
EndProject
Project("{2150E333-8FDC-42A3-9474-1A3956D46DE8}") = "Data", "Data", "{85892171-A84E-4136-A30A-BDB1698DF424}"
EndProject
Project("{FAE04EC0-301F-11D3-BF4B-00C04F79EFBC}") = "MicroRabbit.Banking.Api", "MicroRabbit.Banking.Api\MicroRabbit.Banking.Api.csproj", "{2C6457B8-EC8B-4C87-A1F3-221ECB416F95}"
EndProject
Project("{FAE04EC0-301F-11D3-BF4B-00C04F79EFBC}") = "MicroRabbit.Banking.Application", "MicroRabbit.Banking.Application\MicroRabbit.Banking.Application.csproj", "{727117B6-839E-4685-882E-B74A71850BAE}"
EndProject
Project("{FAE04EC0-301F-11D3-BF4B-00C04F79EFBC}") = "MicroRabbit.Banking.Data", "MicroRabbit.Banking.Data\MicroRabbit.Banking.Data.csproj", "{434AE1D0-A473-4A9E-808D-6DC59F52AB59}"
EndProject
Project("{FAE04EC0-301F-11D3-BF4B-00C04F79EFBC}") = "MicroRabbit.Banking.Domain", "MicroRabbit.Banking.Domain\MicroRabbit.Banking.Domain.csproj", "{69235C9F-FA8F-479D-A1D3-434C444176F0}"
EndProject
Global
	GlobalSection(SolutionConfigurationPlatforms) = preSolution
		Debug|Any CPU = Debug|Any CPU
		Release|Any CPU = Release|Any CPU
	EndGlobalSection
	GlobalSection(ProjectConfigurationPlatforms) = postSolution
		{D15B58E9-986E-4269-9FE7-86788276A197}.Debug|Any CPU.ActiveCfg = Debug|Any CPU
		{D15B58E9-986E-4269-9FE7-86788276A197}.Debug|Any CPU.Build.0 = Debug|Any CPU
		{D15B58E9-986E-4269-9FE7-86788276A197}.Release|Any CPU.ActiveCfg = Release|Any CPU
		{D15B58E9-986E-4269-9FE7-86788276A197}.Release|Any CPU.Build.0 = Release|Any CPU
		{F0B6ABC7-A4BE-4FEA-9DDD-0C84D872D35B}.Debug|Any CPU.ActiveCfg = Debug|Any CPU
		{F0B6ABC7-A4BE-4FEA-9DDD-0C84D872D35B}.Debug|Any CPU.Build.0 = Debug|Any CPU
		{F0B6ABC7-A4BE-4FEA-9DDD-0C84D872D35B}.Release|Any CPU.ActiveCfg = Release|Any CPU
		{F0B6ABC7-A4BE-4FEA-9DDD-0C84D872D35B}.Release|Any CPU.Build.0 = Release|Any CPU
		{2C6497EB-FE25-4D33-B73D-40327E14BF1A}.Debug|Any CPU.ActiveCfg = Debug|Any CPU
		{2C6497EB-FE25-4D33-B73D-40327E14BF1A}.Debug|Any CPU.Build.0 = Debug|Any CPU
		{2C6497EB-FE25-4D33-B73D-40327E14BF1A}.Release|Any CPU.ActiveCfg = Release|Any CPU
		{2C6497EB-FE25-4D33-B73D-40327E14BF1A}.Release|Any CPU.Build.0 = Release|Any CPU
		{2C6457B8-EC8B-4C87-A1F3-221ECB416F95}.Debug|Any CPU.ActiveCfg = Debug|Any CPU
		{2C6457B8-EC8B-4C87-A1F3-221ECB416F95}.Debug|Any CPU.Build.0 = Debug|Any CPU
		{2C6457B8-EC8B-4C87-A1F3-221ECB416F95}.Release|Any CPU.ActiveCfg = Release|Any CPU
		{2C6457B8-EC8B-4C87-A1F3-221ECB416F95}.Release|Any CPU.Build.0 = Release|Any CPU
		{727117B6-839E-4685-882E-B74A71850BAE}.Debug|Any CPU.ActiveCfg = Debug|Any CPU
		{727117B6-839E-4685-882E-B74A71850BAE}.Debug|Any CPU.Build.0 = Debug|Any CPU
		{727117B6-839E-4685-882E-B74A71850BAE}.Release|Any CPU.ActiveCfg = Release|Any CPU
		{727117B6-839E-4685-882E-B74A71850BAE}.Release|Any CPU.Build.0 = Release|Any CPU
		{434AE1D0-A473-4A9E-808D-6DC59F52AB59}.Debug|Any CPU.ActiveCfg = Debug|Any CPU
		{434AE1D0-A473-4A9E-808D-6DC59F52AB59}.Debug|Any CPU.Build.0 = Debug|Any CPU
		{434AE1D0-A473-4A9E-808D-6DC59F52AB59}.Release|Any CPU.ActiveCfg = Release|Any CPU
		{434AE1D0-A473-4A9E-808D-6DC59F52AB59}.Release|Any CPU.Build.0 = Release|Any CPU
		{69235C9F-FA8F-479D-A1D3-434C444176F0}.Debug|Any CPU.ActiveCfg = Debug|Any CPU
		{69235C9F-FA8F-479D-A1D3-434C444176F0}.Debug|Any CPU.Build.0 = Debug|Any CPU
		{69235C9F-FA8F-479D-A1D3-434C444176F0}.Release|Any CPU.ActiveCfg = Release|Any CPU
		{69235C9F-FA8F-479D-A1D3-434C444176F0}.Release|Any CPU.Build.0 = Release|Any CPU
	EndGlobalSection
	GlobalSection(SolutionProperties) = preSolution
		HideSolutionNode = FALSE
	EndGlobalSection
	GlobalSection(NestedProjects) = preSolution
		{D15B58E9-986E-4269-9FE7-86788276A197} = {A068335D-FC51-4110-B195-D23E94025429}
		{F0B6ABC7-A4BE-4FEA-9DDD-0C84D872D35B} = {FC7CB473-6A76-4641-9F58-8E08A0D341FE}
		{2C6497EB-FE25-4D33-B73D-40327E14BF1A} = {A6C77153-9376-4D2D-9DC8-6D148C2FECC1}
		{37AE9F0C-30D3-494E-A8CA-860A632667A4} = {97E2892E-9C55-4D6B-BBC6-C94A800E5B76}
		{725B7EF5-67B3-41E8-8CF1-D93D5CB61153} = {37AE9F0C-30D3-494E-A8CA-860A632667A4}
		{319098AF-F00E-4666-9C46-CD8019DB470E} = {37AE9F0C-30D3-494E-A8CA-860A632667A4}
		{A7637471-AB66-4F54-B17A-EA2924A99A30} = {37AE9F0C-30D3-494E-A8CA-860A632667A4}
		{85892171-A84E-4136-A30A-BDB1698DF424} = {37AE9F0C-30D3-494E-A8CA-860A632667A4}
		{2C6457B8-EC8B-4C87-A1F3-221ECB416F95} = {725B7EF5-67B3-41E8-8CF1-D93D5CB61153}
		{727117B6-839E-4685-882E-B74A71850BAE} = {A7637471-AB66-4F54-B17A-EA2924A99A30}
		{434AE1D0-A473-4A9E-808D-6DC59F52AB59} = {85892171-A84E-4136-A30A-BDB1698DF424}
		{69235C9F-FA8F-479D-A1D3-434C444176F0} = {319098AF-F00E-4666-9C46-CD8019DB470E}
	EndGlobalSection
	GlobalSection(ExtensibilityGlobals) = postSolution
		SolutionGuid = {5013A736-653E-4827-BF51-9A67E2C593A9}
	EndGlobalSection
EndGlobal
